
Microsoft Visual Studio Solution File, Format Version 12.00
# Visual Studio Version 17
VisualStudioVersion = 17.8.34330.188
MinimumVisualStudioVersion = 10.0.40219.1
Project("{9A19103F-16F7-4668-BE54-9A1E7A4F7556}") = "ExcelCellFinder.Core", "ExcelCellFinder.Core\ExcelCellFinder.Core.csproj", "{E8CD64D6-A7D4-454C-BCB3-B09BD480CE41}"
EndProject
Project("{9A19103F-16F7-4668-BE54-9A1E7A4F7556}") = "ExcelCellFinder.Desktop", "ExcelCellFinder.Desktop\ExcelCellFinder.Desktop.csproj", "{48C626CB-75C0-4157-B423-5A360BB1B3A0}"
EndProject
Project("{2150E333-8FDC-42A3-9474-1A3956D46DE8}") = "ソリューション項目", "ソリューション項目", "{36928DF9-8E5A-49D6-8E4C-BB6A98759439}"
	ProjectSection(SolutionItems) = preProject
		LICENSE = LICENSE
		README.md = README.md
	EndProjectSection
EndProject
Project("{2150E333-8FDC-42A3-9474-1A3956D46DE8}") = "images", "images", "{C0B839C3-7AFF-429D-BBEE-716471391ED4}"
	ProjectSection(SolutionItems) = preProject
		images\launch.gif = images\launch.gif
		images\search.gif = images\search.gif
	EndProjectSection
EndProject
Project("{2150E333-8FDC-42A3-9474-1A3956D46DE8}") = ".github", ".github", "{9602C244-7D89-413D-BE32-95D06700AD97}"
	ProjectSection(SolutionItems) = preProject
		.github\workflows\release-workflow.yaml = .github\workflows\release-workflow.yaml
	EndProjectSection
EndProject
Global
	GlobalSection(SolutionConfigurationPlatforms) = preSolution
		Debug|Any CPU = Debug|Any CPU
		Release|Any CPU = Release|Any CPU
	EndGlobalSection
	GlobalSection(ProjectConfigurationPlatforms) = postSolution
		{E8CD64D6-A7D4-454C-BCB3-B09BD480CE41}.Debug|Any CPU.ActiveCfg = Debug|Any CPU
		{E8CD64D6-A7D4-454C-BCB3-B09BD480CE41}.Debug|Any CPU.Build.0 = Debug|Any CPU
		{E8CD64D6-A7D4-454C-BCB3-B09BD480CE41}.Release|Any CPU.ActiveCfg = Release|Any CPU
		{E8CD64D6-A7D4-454C-BCB3-B09BD480CE41}.Release|Any CPU.Build.0 = Release|Any CPU
		{48C626CB-75C0-4157-B423-5A360BB1B3A0}.Debug|Any CPU.ActiveCfg = Debug|Any CPU
		{48C626CB-75C0-4157-B423-5A360BB1B3A0}.Debug|Any CPU.Build.0 = Debug|Any CPU
		{48C626CB-75C0-4157-B423-5A360BB1B3A0}.Release|Any CPU.ActiveCfg = Release|Any CPU
		{48C626CB-75C0-4157-B423-5A360BB1B3A0}.Release|Any CPU.Build.0 = Release|Any CPU
	EndGlobalSection
	GlobalSection(SolutionProperties) = preSolution
		HideSolutionNode = FALSE
	EndGlobalSection
	GlobalSection(NestedProjects) = preSolution
		{C0B839C3-7AFF-429D-BBEE-716471391ED4} = {36928DF9-8E5A-49D6-8E4C-BB6A98759439}
		{9602C244-7D89-413D-BE32-95D06700AD97} = {36928DF9-8E5A-49D6-8E4C-BB6A98759439}
	EndGlobalSection
	GlobalSection(ExtensibilityGlobals) = postSolution
		SolutionGuid = {2BDC1912-12FA-4D92-ADE4-6646CB1D42F5}
	EndGlobalSection
EndGlobal
